
Microsoft Visual Studio Solution File, Format Version 12.00
# Visual Studio Version 17
VisualStudioVersion = 17.7.34202.233
MinimumVisualStudioVersion = 10.0.40219.1
Project("{FAE04EC0-301F-11D3-BF4B-00C04F79EFBC}") = "craveyard.Server", "craveyard\Server\craveyard.Server.csproj", "{8A375C1A-5AC0-4D4A-ADD6-D65E473DC4FE}"
EndProject
Project("{FAE04EC0-301F-11D3-BF4B-00C04F79EFBC}") = "craveyard.Client", "craveyard\Client\craveyard.Client.csproj", "{09B52337-2A0E-49B0-93A6-49254F376BCB}"
EndProject
Project("{FAE04EC0-301F-11D3-BF4B-00C04F79EFBC}") = "craveyard.Shared", "craveyard\Shared\craveyard.Shared.csproj", "{3677BC28-8316-4707-B4BD-76B97654224D}"
EndProject
Global
	GlobalSection(SolutionConfigurationPlatforms) = preSolution
		Debug|Any CPU = Debug|Any CPU
		Release|Any CPU = Release|Any CPU
	EndGlobalSection
	GlobalSection(ProjectConfigurationPlatforms) = postSolution
		{8A375C1A-5AC0-4D4A-ADD6-D65E473DC4FE}.Debug|Any CPU.ActiveCfg = Debug|Any CPU
		{8A375C1A-5AC0-4D4A-ADD6-D65E473DC4FE}.Debug|Any CPU.Build.0 = Debug|Any CPU
		{8A375C1A-5AC0-4D4A-ADD6-D65E473DC4FE}.Release|Any CPU.ActiveCfg = Release|Any CPU
		{8A375C1A-5AC0-4D4A-ADD6-D65E473DC4FE}.Release|Any CPU.Build.0 = Release|Any CPU
		{09B52337-2A0E-49B0-93A6-49254F376BCB}.Debug|Any CPU.ActiveCfg = Debug|Any CPU
		{09B52337-2A0E-49B0-93A6-49254F376BCB}.Debug|Any CPU.Build.0 = Debug|Any CPU
		{09B52337-2A0E-49B0-93A6-49254F376BCB}.Release|Any CPU.ActiveCfg = Release|Any CPU
		{09B52337-2A0E-49B0-93A6-49254F376BCB}.Release|Any CPU.Build.0 = Release|Any CPU
		{3677BC28-8316-4707-B4BD-76B97654224D}.Debug|Any CPU.ActiveCfg = Debug|Any CPU
		{3677BC28-8316-4707-B4BD-76B97654224D}.Debug|Any CPU.Build.0 = Debug|Any CPU
		{3677BC28-8316-4707-B4BD-76B97654224D}.Release|Any CPU.ActiveCfg = Release|Any CPU
		{3677BC28-8316-4707-B4BD-76B97654224D}.Release|Any CPU.Build.0 = Release|Any CPU
	EndGlobalSection
	GlobalSection(SolutionProperties) = preSolution
		HideSolutionNode = FALSE
	EndGlobalSection
	GlobalSection(ExtensibilityGlobals) = postSolution
		SolutionGuid = {5FDE1E2E-532E-4F15-B762-F441E01FEFD3}
	EndGlobalSection
EndGlobal
